
Microsoft Visual Studio Solution File, Format Version 12.00
# Visual Studio Version 17
VisualStudioVersion = 17.7.34031.279
MinimumVisualStudioVersion = 10.0.40219.1
Project("{9A19103F-16F7-4668-BE54-9A1E7A4F7556}") = "WebApi", "WebApi\WebApi.csproj", "{037EAF8F-C3D7-4C2C-979C-6A7F8460703E}"
EndProject
Project("{9A19103F-16F7-4668-BE54-9A1E7A4F7556}") = "Entities", "Entities\Entities.csproj", "{93046445-2130-4FCD-B2E4-5AFEAC86ACAD}"
EndProject
Project("{9A19103F-16F7-4668-BE54-9A1E7A4F7556}") = "Repositories", "Repositories\Repositories.csproj", "{810BA37A-CD65-4CCD-9E5B-CD28A343C0A3}"
EndProject
Project("{FAE04EC0-301F-11D3-BF4B-00C04F79EFBC}") = "Services", "Services\Services.csproj", "{15EE1B04-B30F-4093-BC6D-81C01DC70E84}"
EndProject
Project("{FAE04EC0-301F-11D3-BF4B-00C04F79EFBC}") = "Presentation", "Presentation\Presentation.csproj", "{D757C40C-8BBE-42E7-81CB-3A61476B03C4}"
EndProject
Global
	GlobalSection(SolutionConfigurationPlatforms) = preSolution
		Debug|Any CPU = Debug|Any CPU
		Release|Any CPU = Release|Any CPU
	EndGlobalSection
	GlobalSection(ProjectConfigurationPlatforms) = postSolution
		{037EAF8F-C3D7-4C2C-979C-6A7F8460703E}.Debug|Any CPU.ActiveCfg = Debug|Any CPU
		{037EAF8F-C3D7-4C2C-979C-6A7F8460703E}.Debug|Any CPU.Build.0 = Debug|Any CPU
		{037EAF8F-C3D7-4C2C-979C-6A7F8460703E}.Release|Any CPU.ActiveCfg = Release|Any CPU
		{037EAF8F-C3D7-4C2C-979C-6A7F8460703E}.Release|Any CPU.Build.0 = Release|Any CPU
		{93046445-2130-4FCD-B2E4-5AFEAC86ACAD}.Debug|Any CPU.ActiveCfg = Debug|Any CPU
		{93046445-2130-4FCD-B2E4-5AFEAC86ACAD}.Debug|Any CPU.Build.0 = Debug|Any CPU
		{93046445-2130-4FCD-B2E4-5AFEAC86ACAD}.Release|Any CPU.ActiveCfg = Release|Any CPU
		{93046445-2130-4FCD-B2E4-5AFEAC86ACAD}.Release|Any CPU.Build.0 = Release|Any CPU
		{810BA37A-CD65-4CCD-9E5B-CD28A343C0A3}.Debug|Any CPU.ActiveCfg = Debug|Any CPU
		{810BA37A-CD65-4CCD-9E5B-CD28A343C0A3}.Debug|Any CPU.Build.0 = Debug|Any CPU
		{810BA37A-CD65-4CCD-9E5B-CD28A343C0A3}.Release|Any CPU.ActiveCfg = Release|Any CPU
		{810BA37A-CD65-4CCD-9E5B-CD28A343C0A3}.Release|Any CPU.Build.0 = Release|Any CPU
		{15EE1B04-B30F-4093-BC6D-81C01DC70E84}.Debug|Any CPU.ActiveCfg = Debug|Any CPU
		{15EE1B04-B30F-4093-BC6D-81C01DC70E84}.Debug|Any CPU.Build.0 = Debug|Any CPU
		{15EE1B04-B30F-4093-BC6D-81C01DC70E84}.Release|Any CPU.ActiveCfg = Release|Any CPU
		{15EE1B04-B30F-4093-BC6D-81C01DC70E84}.Release|Any CPU.Build.0 = Release|Any CPU
		{D757C40C-8BBE-42E7-81CB-3A61476B03C4}.Debug|Any CPU.ActiveCfg = Debug|Any CPU
		{D757C40C-8BBE-42E7-81CB-3A61476B03C4}.Debug|Any CPU.Build.0 = Debug|Any CPU
		{D757C40C-8BBE-42E7-81CB-3A61476B03C4}.Release|Any CPU.ActiveCfg = Release|Any CPU
		{D757C40C-8BBE-42E7-81CB-3A61476B03C4}.Release|Any CPU.Build.0 = Release|Any CPU
	EndGlobalSection
	GlobalSection(SolutionProperties) = preSolution
		HideSolutionNode = FALSE
	EndGlobalSection
	GlobalSection(ExtensibilityGlobals) = postSolution
		SolutionGuid = {DDD1367F-44D6-4260-86D6-B79F310744FA}
	EndGlobalSection
EndGlobal
